
Microsoft Visual Studio Solution File, Format Version 12.00
# Visual Studio Version 16
VisualStudioVersion = 16.0.30907.101
MinimumVisualStudioVersion = 10.0.40219.1
Project("{8BC9CEB8-8B4A-11D0-8D11-00A0C91BC942}") = "Sem11SDD_1063", "Sem11SDD_1063\Sem11SDD_1063.vcxproj", "{365E764F-E38C-4115-91E5-CF60788A1E8E}"
EndProject
Global
	GlobalSection(SolutionConfigurationPlatforms) = preSolution
		Debug|x64 = Debug|x64
		Debug|x86 = Debug|x86
		Release|x64 = Release|x64
		Release|x86 = Release|x86
	EndGlobalSection
	GlobalSection(ProjectConfigurationPlatforms) = postSolution
		{365E764F-E38C-4115-91E5-CF60788A1E8E}.Debug|x64.ActiveCfg = Debug|x64
		{365E764F-E38C-4115-91E5-CF60788A1E8E}.Debug|x64.Build.0 = Debug|x64
		{365E764F-E38C-4115-91E5-CF60788A1E8E}.Debug|x86.ActiveCfg = Debug|Win32
		{365E764F-E38C-4115-91E5-CF60788A1E8E}.Debug|x86.Build.0 = Debug|Win32
		{365E764F-E38C-4115-91E5-CF60788A1E8E}.Release|x64.ActiveCfg = Release|x64
		{365E764F-E38C-4115-91E5-CF60788A1E8E}.Release|x64.Build.0 = Release|x64
		{365E764F-E38C-4115-91E5-CF60788A1E8E}.Release|x86.ActiveCfg = Release|Win32
		{365E764F-E38C-4115-91E5-CF60788A1E8E}.Release|x86.Build.0 = Release|Win32
	EndGlobalSection
	GlobalSection(SolutionProperties) = preSolution
		HideSolutionNode = FALSE
	EndGlobalSection
	GlobalSection(ExtensibilityGlobals) = postSolution
		SolutionGuid = {E54D3159-1521-473C-B0E9-0B14151E44BD}
	EndGlobalSection
EndGlobal
